
Microsoft Visual Studio Solution File, Format Version 12.00
Project("{FAE04EC0-301F-11D3-BF4B-00C04F79EFBC}") = "HotelCreatedEventHandler", "HotelCreatedEventHandler\HotelCreatedEventHandler.csproj", "{9E6CACF8-2FF6-4717-940A-1A3B2FA49262}"
EndProject
Project("{FAE04EC0-301F-11D3-BF4B-00C04F79EFBC}") = "HotelCreatedEventHandler.Test", "HotelCreatedEventHandler.Test\HotelCreatedEventHandler.Test.csproj", "{419DF945-B713-42AF-A129-9BE409FFBA66}"
EndProject
Global
	GlobalSection(SolutionConfigurationPlatforms) = preSolution
		Debug|Any CPU = Debug|Any CPU
		Release|Any CPU = Release|Any CPU
	EndGlobalSection
	GlobalSection(ProjectConfigurationPlatforms) = postSolution
		{9E6CACF8-2FF6-4717-940A-1A3B2FA49262}.Debug|Any CPU.ActiveCfg = Debug|Any CPU
		{9E6CACF8-2FF6-4717-940A-1A3B2FA49262}.Debug|Any CPU.Build.0 = Debug|Any CPU
		{9E6CACF8-2FF6-4717-940A-1A3B2FA49262}.Release|Any CPU.ActiveCfg = Release|Any CPU
		{9E6CACF8-2FF6-4717-940A-1A3B2FA49262}.Release|Any CPU.Build.0 = Release|Any CPU
		{419DF945-B713-42AF-A129-9BE409FFBA66}.Debug|Any CPU.ActiveCfg = Debug|Any CPU
		{419DF945-B713-42AF-A129-9BE409FFBA66}.Debug|Any CPU.Build.0 = Debug|Any CPU
		{419DF945-B713-42AF-A129-9BE409FFBA66}.Release|Any CPU.ActiveCfg = Release|Any CPU
		{419DF945-B713-42AF-A129-9BE409FFBA66}.Release|Any CPU.Build.0 = Release|Any CPU
	EndGlobalSection
EndGlobal
